// !$*UTF8*$!
{
	archiveVersion = 1;
	classes = {
	};
	objectVersion = 77;
	objects = {

/* Begin PBXContainerItemProxy section */
		C1DF5C6D2EA79CC100740E64 /* PBXContainerItemProxy */ = {
			isa = PBXContainerItemProxy;
			containerPortal = C1DF5C572EA79CBF00740E64 /* Project object */;
			proxyType = 1;
			remoteGlobalIDString = C1DF5C5E2EA79CBF00740E64;
			remoteInfo = LexicalAnaliz;
		};
		C1DF5C772EA79CC100740E64 /* PBXContainerItemProxy */ = {
			isa = PBXContainerItemProxy;
			containerPortal = C1DF5C572EA79CBF00740E64 /* Project object */;
			proxyType = 1;
			remoteGlobalIDString = C1DF5C5E2EA79CBF00740E64;
			remoteInfo = LexicalAnaliz;
		};
/* End PBXContainerItemProxy section */

/* Begin PBXFileReference section */
		C1DF5C5F2EA79CBF00740E64 /* LexicalAnaliz.app */ = {isa = PBXFileReference; explicitFileType = wrapper.application; includeInIndex = 0; path = LexicalAnaliz.app; sourceTree = BUILT_PRODUCTS_DIR; };
		C1DF5C6C2EA79CC100740E64 /* LexicalAnalizTests.xctest */ = {isa = PBXFileReference; explicitFileType = wrapper.cfbundle; includeInIndex = 0; path = LexicalAnalizTests.xctest; sourceTree = BUILT_PRODUCTS_DIR; };
		C1DF5C762EA79CC100740E64 /* LexicalAnalizUITests.xctest */ = {isa = PBXFileReference; explicitFileType = wrapper.cfbundle; includeInIndex = 0; path = LexicalAnalizUITests.xctest; sourceTree = BUILT_PRODUCTS_DIR; };
/* End PBXFileReference section */

/* Begin PBXFileSystemSynchronizedRootGroup section */
		C1DF5C612EA79CBF00740E64 /* LexicalAnaliz */ = {
			isa = PBXFileSystemSynchronizedRootGroup;
			path = LexicalAnaliz;
			sourceTree = "<group>";
		};
		C1DF5C6F2EA79CC100740E64 /* LexicalAnalizTests */ = {
			isa = PBXFileSystemSynchronizedRootGroup;
			path = LexicalAnalizTests;
			sourceTree = "<group>";
		};
		C1DF5C792EA79CC100740E64 /* LexicalAnalizUITests */ = {
			isa = PBXFileSystemSynchronizedRootGroup;
			path = LexicalAnalizUITests;
			sourceTree = "<group>";
		};
/* End PBXFileSystemSynchronizedRootGroup section */

/* Begin PBXFrameworksBuildPhase section */
		C1DF5C5C2EA79CBF00740E64 /* Frameworks */ = {
			isa = PBXFrameworksBuildPhase;
			buildActionMask = 2147483647;
			files = (
			);
			runOnlyForDeploymentPostprocessing = 0;
		};
		C1DF5C692EA79CC100740E64 /* Frameworks */ = {
			isa = PBXFrameworksBuildPhase;
			buildActionMask = 2147483647;
			files = (
			);
			runOnlyForDeploymentPostprocessing = 0;
		};
		C1DF5C732EA79CC100740E64 /* Frameworks */ = {
			isa = PBXFrameworksBuildPhase;
			buildActionMask = 2147483647;
			files = (
			);
			runOnlyForDeploymentPostprocessing = 0;
		};
/* End PBXFrameworksBuildPhase section */

/* Begin PBXGroup section */
		C1DF5C562EA79CBF00740E64 = {
			isa = PBXGroup;
			children = (
				C1DF5C612EA79CBF00740E64 /* LexicalAnaliz */,
				C1DF5C6F2EA79CC100740E64 /* LexicalAnalizTests */,
				C1DF5C792EA79CC100740E64 /* LexicalAnalizUITests */,
				C1DF5C602EA79CBF00740E64 /* Products */,
			);
			sourceTree = "<group>";
		};
		C1DF5C602EA79CBF00740E64 /* Products */ = {
			isa = PBXGroup;
			children = (
				C1DF5C5F2EA79CBF00740E64 /* LexicalAnaliz.app */,
				C1DF5C6C2EA79CC100740E64 /* LexicalAnalizTests.xctest */,
				C1DF5C762EA79CC100740E64 /* LexicalAnalizUITests.xctest */,
			);
			name = Products;
			sourceTree = "<group>";
		};
/* End PBXGroup section */

/* Begin PBXNativeTarget section */
		C1DF5C5E2EA79CBF00740E64 /* LexicalAnaliz */ = {
			isa = PBXNativeTarget;
			buildConfigurationList = C1DF5C802EA79CC100740E64 /* Build configuration list for PBXNativeTarget "LexicalAnaliz" */;
			buildPhases = (
				C1DF5C5B2EA79CBF00740E64 /* Sources */,
				C1DF5C5C2EA79CBF00740E64 /* Frameworks */,
				C1DF5C5D2EA79CBF00740E64 /* Resources */,
			);
			buildRules = (
			);
			dependencies = (
			);
			fileSystemSynchronizedGroups = (
				C1DF5C612EA79CBF00740E64 /* LexicalAnaliz */,
			);
			name = LexicalAnaliz;
			packageProductDependencies = (
			);
			productName = LexicalAnaliz;
			productReference = C1DF5C5F2EA79CBF00740E64 /* LexicalAnaliz.app */;
			productType = "com.apple.product-type.application";
		};
		C1DF5C6B2EA79CC100740E64 /* LexicalAnalizTests */ = {
			isa = PBXNativeTarget;
			buildConfigurationList = C1DF5C832EA79CC100740E64 /* Build configuration list for PBXNativeTarget "LexicalAnalizTests" */;
			buildPhases = (
				C1DF5C682EA79CC100740E64 /* Sources */,
				C1DF5C692EA79CC100740E64 /* Frameworks */,
				C1DF5C6A2EA79CC100740E64 /* Resources */,
			);
			buildRules = (
			);
			dependencies = (
				C1DF5C6E2EA79CC100740E64 /* PBXTargetDependency */,
			);
			fileSystemSynchronizedGroups = (
				C1DF5C6F2EA79CC100740E64 /* LexicalAnalizTests */,
			);
			name = LexicalAnalizTests;
			packageProductDependencies = (
			);
			productName = LexicalAnalizTests;
			productReference = C1DF5C6C2EA79CC100740E64 /* LexicalAnalizTests.xctest */;
			productType = "com.apple.product-type.bundle.unit-test";
		};
		C1DF5C752EA79CC100740E64 /* LexicalAnalizUITests */ = {
			isa = PBXNativeTarget;
			buildConfigurationList = C1DF5C862EA79CC100740E64 /* Build configuration list for PBXNativeTarget "LexicalAnalizUITests" */;
			buildPhases = (
				C1DF5C722EA79CC100740E64 /* Sources */,
				C1DF5C732EA79CC100740E64 /* Frameworks */,
				C1DF5C742EA79CC100740E64 /* Resources */,
			);
			buildRules = (
			);
			dependencies = (
				C1DF5C782EA79CC100740E64 /* PBXTargetDependency */,
			);
			fileSystemSynchronizedGroups = (
				C1DF5C792EA79CC100740E64 /* LexicalAnalizUITests */,
			);
			name = LexicalAnalizUITests;
			packageProductDependencies = (
			);
			productName = LexicalAnalizUITests;
			productReference = C1DF5C762EA79CC100740E64 /* LexicalAnalizUITests.xctest */;
			productType = "com.apple.product-type.bundle.ui-testing";
		};
/* End PBXNativeTarget section */

/* Begin PBXProject section */
		C1DF5C572EA79CBF00740E64 /* Project object */ = {
			isa = PBXProject;
			attributes = {
				BuildIndependentTargetsInParallel = 1;
				LastSwiftUpdateCheck = 1640;
				LastUpgradeCheck = 1640;
				TargetAttributes = {
					C1DF5C5E2EA79CBF00740E64 = {
						CreatedOnToolsVersion = 16.4;
					};
					C1DF5C6B2EA79CC100740E64 = {
						CreatedOnToolsVersion = 16.4;
						TestTargetID = C1DF5C5E2EA79CBF00740E64;
					};
					C1DF5C752EA79CC100740E64 = {
						CreatedOnToolsVersion = 16.4;
						TestTargetID = C1DF5C5E2EA79CBF00740E64;
					};
				};
			};
			buildConfigurationList = C1DF5C5A2EA79CBF00740E64 /* Build configuration list for PBXProject "LexicalAnaliz" */;
			developmentRegion = en;
			hasScannedForEncodings = 0;
			knownRegions = (
				en,
				Base,
			);
			mainGroup = C1DF5C562EA79CBF00740E64;
			minimizedProjectReferenceProxies = 1;
			preferredProjectObjectVersion = 77;
			productRefGroup = C1DF5C602EA79CBF00740E64 /* Products */;
			projectDirPath = "";
			projectRoot = "";
			targets = (
				C1DF5C5E2EA79CBF00740E64 /* LexicalAnaliz */,
				C1DF5C6B2EA79CC100740E64 /* LexicalAnalizTests */,
				C1DF5C752EA79CC100740E64 /* LexicalAnalizUITests */,
			);
		};
/* End PBXProject section */

/* Begin PBXResourcesBuildPhase section */
		C1DF5C5D2EA79CBF00740E64 /* Resources */ = {
			isa = PBXResourcesBuildPhase;
			buildActionMask = 2147483647;
			files = (
			);
			runOnlyForDeploymentPostprocessing = 0;
		};
		C1DF5C6A2EA79CC100740E64 /* Resources */ = {
			isa = PBXResourcesBuildPhase;
			buildActionMask = 2147483647;
			files = (
			);
			runOnlyForDeploymentPostprocessing = 0;
		};
		C1DF5C742EA79CC100740E64 /* Resources */ = {
			isa = PBXResourcesBuildPhase;
			buildActionMask = 2147483647;
			files = (
			);
			runOnlyForDeploymentPostprocessing = 0;
		};
/* End PBXResourcesBuildPhase section */

/* Begin PBXSourcesBuildPhase section */
		C1DF5C5B2EA79CBF00740E64 /* Sources */ = {
			isa = PBXSourcesBuildPhase;
			buildActionMask = 2147483647;
			files = (
			);
			runOnlyForDeploymentPostprocessing = 0;
		};
		C1DF5C682EA79CC100740E64 /* Sources */ = {
			isa = PBXSourcesBuildPhase;
			buildActionMask = 2147483647;
			files = (
			);
			runOnlyForDeploymentPostprocessing = 0;
		};
		C1DF5C722EA79CC100740E64 /* Sources */ = {
			isa = PBXSourcesBuildPhase;
			buildActionMask = 2147483647;
			files = (
			);
			runOnlyForDeploymentPostprocessing = 0;
		};
/* End PBXSourcesBuildPhase section */

/* Begin PBXTargetDependency section */
		C1DF5C6E2EA79CC100740E64 /* PBXTargetDependency */ = {
			isa = PBXTargetDependency;
			target = C1DF5C5E2EA79CBF00740E64 /* LexicalAnaliz */;
			targetProxy = C1DF5C6D2EA79CC100740E64 /* PBXContainerItemProxy */;
		};
		C1DF5C782EA79CC100740E64 /* PBXTargetDependency */ = {
			isa = PBXTargetDependency;
			target = C1DF5C5E2EA79CBF00740E64 /* LexicalAnaliz */;
			targetProxy = C1DF5C772EA79CC100740E64 /* PBXContainerItemProxy */;
		};
/* End PBXTargetDependency section */

/* Begin XCBuildConfiguration section */
		C1DF5C7E2EA79CC100740E64 /* Debug */ = {
			isa = XCBuildConfiguration;
			buildSettings = {
				ALWAYS_SEARCH_USER_PATHS = NO;
				ASSETCATALOG_COMPILER_GENERATE_SWIFT_ASSET_SYMBOL_EXTENSIONS = YES;
				CLANG_ANALYZER_NONNULL = YES;
				CLANG_ANALYZER_NUMBER_OBJECT_CONVERSION = YES_AGGRESSIVE;
				CLANG_CXX_LANGUAGE_STANDARD = "gnu++20";
				CLANG_ENABLE_MODULES = YES;
				CLANG_ENABLE_OBJC_ARC = YES;
				CLANG_ENABLE_OBJC_WEAK = YES;
				CLANG_WARN_BLOCK_CAPTURE_AUTORELEASING = YES;
				CLANG_WARN_BOOL_CONVERSION = YES;
				CLANG_WARN_COMMA = YES;
				CLANG_WARN_CONSTANT_CONVERSION = YES;
				CLANG_WARN_DEPRECATED_OBJC_IMPLEMENTATIONS = YES;
				CLANG_WARN_DIRECT_OBJC_ISA_USAGE = YES_ERROR;
				CLANG_WARN_DOCUMENTATION_COMMENTS = YES;
				CLANG_WARN_EMPTY_BODY = YES;
				CLANG_WARN_ENUM_CONVERSION = YES;
				CLANG_WARN_INFINITE_RECURSION = YES;
				CLANG_WARN_INT_CONVERSION = YES;
				CLANG_WARN_NON_LITERAL_NULL_CONVERSION = YES;
				CLANG_WARN_OBJC_IMPLICIT_RETAIN_SELF = YES;
				CLANG_WARN_OBJC_LITERAL_CONVERSION = YES;
				CLANG_WARN_OBJC_ROOT_CLASS = YES_ERROR;
				CLANG_WARN_QUOTED_INCLUDE_IN_FRAMEWORK_HEADER = YES;
				CLANG_WARN_RANGE_LOOP_ANALYSIS = YES;
				CLANG_WARN_STRICT_PROTOTYPES = YES;
				CLANG_WARN_SUSPICIOUS_MOVE = YES;
				CLANG_WARN_UNGUARDED_AVAILABILITY = YES_AGGRESSIVE;
				CLANG_WARN_UNREACHABLE_CODE = YES;
				CLANG_WARN__DUPLICATE_METHOD_MATCH = YES;
				COPY_PHASE_STRIP = NO;
				DEBUG_INFORMATION_FORMAT = dwarf;
				ENABLE_STRICT_OBJC_MSGSEND = YES;
				ENABLE_TESTABILITY = YES;
				ENABLE_USER_SCRIPT_SANDBOXING = YES;
				GCC_C_LANGUAGE_STANDARD = gnu17;
				GCC_DYNAMIC_NO_PIC = NO;
				GCC_NO_COMMON_BLOCKS = YES;
				GCC_OPTIMIZATION_LEVEL = 0;
				GCC_PREPROCESSOR_DEFINITIONS = (
					"DEBUG=1",
					"$(inherited)",
				);
				GCC_WARN_64_TO_32_BIT_CONVERSION = YES;
				GCC_WARN_ABOUT_RETURN_TYPE = YES_ERROR;
				GCC_WARN_UNDECLARED_SELECTOR = YES;
				GCC_WARN_UNINITIALIZED_AUTOS = YES_AGGRESSIVE;
				GCC_WARN_UNUSED_FUNCTION = YES;
				GCC_WARN_UNUSED_VARIABLE = YES;
				IPHONEOS_DEPLOYMENT_TARGET = 18.5;
				LOCALIZATION_PREFERS_STRING_CATALOGS = YES;
				MTL_ENABLE_DEBUG_INFO = INCLUDE_SOURCE;
				MTL_FAST_MATH = YES;
				ONLY_ACTIVE_ARCH = YES;
				SDKROOT = iphoneos;
				SWIFT_ACTIVE_COMPILATION_CONDITIONS = "DEBUG $(inherited)";
				SWIFT_OPTIMIZATION_LEVEL = "-Onone";
			};
			name = Debug;
		};
		C1DF5C7F2EA79CC100740E64 /* Release */ = {
			isa = XCBuildConfiguration;
			buildSettings = {
				ALWAYS_SEARCH_USER_PATHS = NO;
				ASSETCATALOG_COMPILER_GENERATE_SWIFT_ASSET_SYMBOL_EXTENSIONS = YES;
				CLANG_ANALYZER_NONNULL = YES;
				CLANG_ANALYZER_NUMBER_OBJECT_CONVERSION = YES_AGGRESSIVE;
				CLANG_CXX_LANGUAGE_STANDARD = "gnu++20";
				CLANG_ENABLE_MODULES = YES;
				CLANG_ENABLE_OBJC_ARC = YES;
				CLANG_ENABLE_OBJC_WEAK = YES;
				CLANG_WARN_BLOCK_CAPTURE_AUTORELEASING = YES;
				CLANG_WARN_BOOL_CONVERSION = YES;
				CLANG_WARN_COMMA = YES;
				CLANG_WARN_CONSTANT_CONVERSION = YES;
				CLANG_WARN_DEPRECATED_OBJC_IMPLEMENTATIONS = YES;
				CLANG_WARN_DIRECT_OBJC_ISA_USAGE = YES_ERROR;
				CLANG_WARN_DOCUMENTATION_COMMENTS = YES;
				CLANG_WARN_EMPTY_BODY = YES;
				CLANG_WARN_ENUM_CONVERSION = YES;
				CLANG_WARN_INFINITE_RECURSION = YES;
				CLANG_WARN_INT_CONVERSION = YES;
				CLANG_WARN_NON_LITERAL_NULL_CONVERSION = YES;
				CLANG_WARN_OBJC_IMPLICIT_RETAIN_SELF = YES;
				CLANG_WARN_OBJC_LITERAL_CONVERSION = YES;
				CLANG_WARN_OBJC_ROOT_CLASS = YES_ERROR;
				CLANG_WARN_QUOTED_INCLUDE_IN_FRAMEWORK_HEADER = YES;
				CLANG_WARN_RANGE_LOOP_ANALYSIS = YES;
				CLANG_WARN_STRICT_PROTOTYPES = YES;
				CLANG_WARN_SUSPICIOUS_MOVE = YES;
				CLANG_WARN_UNGUARDED_AVAILABILITY = YES_AGGRESSIVE;
				CLANG_WARN_UNREACHABLE_CODE = YES;
				CLANG_WARN__DUPLICATE_METHOD_MATCH = YES;
				COPY_PHASE_STRIP = NO;
				DEBUG_INFORMATION_FORMAT = "dwarf-with-dsym";
				ENABLE_NS_ASSERTIONS = NO;
				ENABLE_STRICT_OBJC_MSGSEND = YES;
				ENABLE_USER_SCRIPT_SANDBOXING = YES;
				GCC_C_LANGUAGE_STANDARD = gnu17;
				GCC_NO_COMMON_BLOCKS = YES;
				GCC_WARN_64_TO_32_BIT_CONVERSION = YES;
				GCC_WARN_ABOUT_RETURN_TYPE = YES_ERROR;
				GCC_WARN_UNDECLARED_SELECTOR = YES;
				GCC_WARN_UNINITIALIZED_AUTOS = YES_AGGRESSIVE;
				GCC_WARN_UNUSED_FUNCTION = YES;
				GCC_WARN_UNUSED_VARIABLE = YES;
				IPHONEOS_DEPLOYMENT_TARGET = 18.5;
				LOCALIZATION_PREFERS_STRING_CATALOGS = YES;
				MTL_ENABLE_DEBUG_INFO = NO;
				MTL_FAST_MATH = YES;
				SDKROOT = iphoneos;
				SWIFT_COMPILATION_MODE = wholemodule;
				VALIDATE_PRODUCT = YES;
			};
			name = Release;
		};
		C1DF5C812EA79CC100740E64 /* Debug */ = {
			isa = XCBuildConfiguration;
			buildSettings = {
				ASSETCATALOG_COMPILER_APPICON_NAME = AppIcon;
				ASSETCATALOG_COMPILER_GLOBAL_ACCENT_COLOR_NAME = AccentColor;
				CODE_SIGN_STYLE = Automatic;
				CURRENT_PROJECT_VERSION = 1;
				ENABLE_PREVIEWS = YES;
				GENERATE_INFOPLIST_FILE = YES;
				INFOPLIST_KEY_UIApplicationSceneManifest_Generation = YES;
				INFOPLIST_KEY_UIApplicationSupportsIndirectInputEvents = YES;
				INFOPLIST_KEY_UILaunchScreen_Generation = YES;
				INFOPLIST_KEY_UISupportedInterfaceOrientations_iPad = "UIInterfaceOrientationPortrait UIInterfaceOrientationPortraitUpsideDown UIInterfaceOrientationLandscapeLeft UIInterfaceOrientationLandscapeRight";
				INFOPLIST_KEY_UISupportedInterfaceOrientations_iPhone = "UIInterfaceOrientationPortrait UIInterfaceOrientationLandscapeLeft UIInterfaceOrientationLandscapeRight";
				LD_RUNPATH_SEARCH_PATHS = (
					"$(inherited)",
					"@executable_path/Frameworks",
				);
				MARKETING_VERSION = 1.0;
				PRODUCT_BUNDLE_IDENTIFIER = com.berivandagci.LexicalAnaliz;
				PRODUCT_NAME = "$(TARGET_NAME)";
				SWIFT_EMIT_LOC_STRINGS = YES;
				SWIFT_VERSION = 5.0;
				TARGETED_DEVICE_FAMILY = "1,2";
			};
			name = Debug;
		};
		C1DF5C822EA79CC100740E64 /* Release */ = {
			isa = XCBuildConfiguration;
			buildSettings = {
				ASSETCATALOG_COMPILER_APPICON_NAME = AppIcon;
				ASSETCATALOG_COMPILER_GLOBAL_ACCENT_COLOR_NAME = AccentColor;
				CODE_SIGN_STYLE = Automatic;
				CURRENT_PROJECT_VERSION = 1;
				ENABLE_PREVIEWS = YES;
				GENERATE_INFOPLIST_FILE = YES;
				INFOPLIST_KEY_UIApplicationSceneManifest_Generation = YES;
				INFOPLIST_KEY_UIApplicationSupportsIndirectInputEvents = YES;
				INFOPLIST_KEY_UILaunchScreen_Generation = YES;
				INFOPLIST_KEY_UISupportedInterfaceOrientations_iPad = "UIInterfaceOrientationPortrait UIInterfaceOrientationPortraitUpsideDown UIInterfaceOrientationLandscapeLeft UIInterfaceOrientationLandscapeRight";
				INFOPLIST_KEY_UISupportedInterfaceOrientations_iPhone = "UIInterfaceOrientationPortrait UIInterfaceOrientationLandscapeLeft UIInterfaceOrientationLandscapeRight";
				LD_RUNPATH_SEARCH_PATHS = (
					"$(inherited)",
					"@executable_path/Frameworks",
				);
				MARKETING_VERSION = 1.0;
				PRODUCT_BUNDLE_IDENTIFIER = com.berivandagci.LexicalAnaliz;
				PRODUCT_NAME = "$(TARGET_NAME)";
				SWIFT_EMIT_LOC_STRINGS = YES;
				SWIFT_VERSION = 5.0;
				TARGETED_DEVICE_FAMILY = "1,2";
			};
			name = Release;
		};
		C1DF5C842EA79CC100740E64 /* Debug */ = {
			isa = XCBuildConfiguration;
			buildSettings = {
				BUNDLE_LOADER = "$(TEST_HOST)";
				CODE_SIGN_STYLE = Automatic;
				CURRENT_PROJECT_VERSION = 1;
				GENERATE_INFOPLIST_FILE = YES;
				IPHONEOS_DEPLOYMENT_TARGET = 18.5;
				MARKETING_VERSION = 1.0;
				PRODUCT_BUNDLE_IDENTIFIER = com.berivandagci.LexicalAnalizTests;
				PRODUCT_NAME = "$(TARGET_NAME)";
				SWIFT_EMIT_LOC_STRINGS = NO;
				SWIFT_VERSION = 5.0;
				TARGETED_DEVICE_FAMILY = "1,2";
				TEST_HOST = "$(BUILT_PRODUCTS_DIR)/LexicalAnaliz.app/$(BUNDLE_EXECUTABLE_FOLDER_PATH)/LexicalAnaliz";
			};
			name = Debug;
		};
		C1DF5C852EA79CC100740E64 /* Release */ = {
			isa = XCBuildConfiguration;
			buildSettings = {
				BUNDLE_LOADER = "$(TEST_HOST)";
				CODE_SIGN_STYLE = Automatic;
				CURRENT_PROJECT_VERSION = 1;
				GENERATE_INFOPLIST_FILE = YES;
				IPHONEOS_DEPLOYMENT_TARGET = 18.5;
				MARKETING_VERSION = 1.0;
				PRODUCT_BUNDLE_IDENTIFIER = com.berivandagci.LexicalAnalizTests;
				PRODUCT_NAME = "$(TARGET_NAME)";
				SWIFT_EMIT_LOC_STRINGS = NO;
				SWIFT_VERSION = 5.0;
				TARGETED_DEVICE_FAMILY = "1,2";
				TEST_HOST = "$(BUILT_PRODUCTS_DIR)/LexicalAnaliz.app/$(BUNDLE_EXECUTABLE_FOLDER_PATH)/LexicalAnaliz";
			};
			name = Release;
		};
		C1DF5C872EA79CC100740E64 /* Debug */ = {
			isa = XCBuildConfiguration;
			buildSettings = {
				CODE_SIGN_STYLE = Automatic;
				CURRENT_PROJECT_VERSION = 1;
				GENERATE_INFOPLIST_FILE = YES;
				MARKETING_VERSION = 1.0;
				PRODUCT_BUNDLE_IDENTIFIER = com.berivandagci.LexicalAnalizUITests;
				PRODUCT_NAME = "$(TARGET_NAME)";
				SWIFT_EMIT_LOC_STRINGS = NO;
				SWIFT_VERSION = 5.0;
				TARGETED_DEVICE_FAMILY = "1,2";
				TEST_TARGET_NAME = LexicalAnaliz;
			};
			name = Debug;
		};
		C1DF5C882EA79CC100740E64 /* Release */ = {
			isa = XCBuildConfiguration;
			buildSettings = {
				CODE_SIGN_STYLE = Automatic;
				CURRENT_PROJECT_VERSION = 1;
				GENERATE_INFOPLIST_FILE = YES;
				MARKETING_VERSION = 1.0;
				PRODUCT_BUNDLE_IDENTIFIER = com.berivandagci.LexicalAnalizUITests;
				PRODUCT_NAME = "$(TARGET_NAME)";
				SWIFT_EMIT_LOC_STRINGS = NO;
				SWIFT_VERSION = 5.0;
				TARGETED_DEVICE_FAMILY = "1,2";
				TEST_TARGET_NAME = LexicalAnaliz;
			};
			name = Release;
		};
/* End XCBuildConfiguration section */

/* Begin XCConfigurationList section */
		C1DF5C5A2EA79CBF00740E64 /* Build configuration list for PBXProject "LexicalAnaliz" */ = {
			isa = XCConfigurationList;
			buildConfigurations = (
				C1DF5C7E2EA79CC100740E64 /* Debug */,
				C1DF5C7F2EA79CC100740E64 /* Release */,
			);
			defaultConfigurationIsVisible = 0;
			defaultConfigurationName = Release;
		};
		C1DF5C802EA79CC100740E64 /* Build configuration list for PBXNativeTarget "LexicalAnaliz" */ = {
			isa = XCConfigurationList;
			buildConfigurations = (
				C1DF5C812EA79CC100740E64 /* Debug */,
				C1DF5C822EA79CC100740E64 /* Release */,
			);
			defaultConfigurationIsVisible = 0;
			defaultConfigurationName = Release;
		};
		C1DF5C832EA79CC100740E64 /* Build configuration list for PBXNativeTarget "LexicalAnalizTests" */ = {
			isa = XCConfigurationList;
			buildConfigurations = (
				C1DF5C842EA79CC100740E64 /* Debug */,
				C1DF5C852EA79CC100740E64 /* Release */,
			);
			defaultConfigurationIsVisible = 0;
			defaultConfigurationName = Release;
		};
		C1DF5C862EA79CC100740E64 /* Build configuration list for PBXNativeTarget "LexicalAnalizUITests" */ = {
			isa = XCConfigurationList;
			buildConfigurations = (
				C1DF5C872EA79CC100740E64 /* Debug */,
				C1DF5C882EA79CC100740E64 /* Release */,
			);
			defaultConfigurationIsVisible = 0;
			defaultConfigurationName = Release;
		};
/* End XCConfigurationList section */
	};
	rootObject = C1DF5C572EA79CBF00740E64 /* Project object */;
}
